
Microsoft Visual Studio Solution File, Format Version 12.00
# Visual Studio Version 16
VisualStudioVersion = 16.0.32407.337
MinimumVisualStudioVersion = 10.0.40219.1
Project("{8BC9CEB8-8B4A-11D0-8D11-00A0C91BC942}") = "Tokenization", "Tokenization.vcxproj", "{897AF0E4-9BD6-4A25-915A-7A63092B3E73}"
EndProject
Global
	GlobalSection(SolutionConfigurationPlatforms) = preSolution
		Debug|x64 = Debug|x64
		Debug|x86 = Debug|x86
		Release|x64 = Release|x64
		Release|x86 = Release|x86
	EndGlobalSection
	GlobalSection(ProjectConfigurationPlatforms) = postSolution
		{897AF0E4-9BD6-4A25-915A-7A63092B3E73}.Debug|x64.ActiveCfg = Debug|x64
		{897AF0E4-9BD6-4A25-915A-7A63092B3E73}.Debug|x64.Build.0 = Debug|x64
		{897AF0E4-9BD6-4A25-915A-7A63092B3E73}.Debug|x86.ActiveCfg = Debug|Win32
		{897AF0E4-9BD6-4A25-915A-7A63092B3E73}.Debug|x86.Build.0 = Debug|Win32
		{897AF0E4-9BD6-4A25-915A-7A63092B3E73}.Release|x64.ActiveCfg = Release|x64
		{897AF0E4-9BD6-4A25-915A-7A63092B3E73}.Release|x64.Build.0 = Release|x64
		{897AF0E4-9BD6-4A25-915A-7A63092B3E73}.Release|x86.ActiveCfg = Release|Win32
		{897AF0E4-9BD6-4A25-915A-7A63092B3E73}.Release|x86.Build.0 = Release|Win32
	EndGlobalSection
	GlobalSection(SolutionProperties) = preSolution
		HideSolutionNode = FALSE
	EndGlobalSection
	GlobalSection(ExtensibilityGlobals) = postSolution
		SolutionGuid = {38F3BE36-0606-4FB7-80D7-A385AD311BA1}
	EndGlobalSection
EndGlobal
